
Microsoft Visual Studio Solution File, Format Version 12.00
# Visual Studio 15
VisualStudioVersion = 15.0.27428.2037
MinimumVisualStudioVersion = 10.0.40219.1
Project("{FAE04EC0-301F-11D3-BF4B-00C04F79EFBC}") = "Grocery Calculator", "Grocery Calculator\Grocery Calculator.csproj", "{67B52A60-5246-4AE1-B697-C236ACEB2946}"
EndProject
Global
	GlobalSection(SolutionConfigurationPlatforms) = preSolution
		Debug|Any CPU = Debug|Any CPU
		Release|Any CPU = Release|Any CPU
	EndGlobalSection
	GlobalSection(ProjectConfigurationPlatforms) = postSolution
		{67B52A60-5246-4AE1-B697-C236ACEB2946}.Debug|Any CPU.ActiveCfg = Debug|Any CPU
		{67B52A60-5246-4AE1-B697-C236ACEB2946}.Debug|Any CPU.Build.0 = Debug|Any CPU
		{67B52A60-5246-4AE1-B697-C236ACEB2946}.Release|Any CPU.ActiveCfg = Release|Any CPU
		{67B52A60-5246-4AE1-B697-C236ACEB2946}.Release|Any CPU.Build.0 = Release|Any CPU
	EndGlobalSection
	GlobalSection(SolutionProperties) = preSolution
		HideSolutionNode = FALSE
	EndGlobalSection
	GlobalSection(ExtensibilityGlobals) = postSolution
		SolutionGuid = {DB0716DA-351A-4602-AD05-631FAE785633}
	EndGlobalSection
EndGlobal
